// !$*UTF8*$!
{
	archiveVersion = 1;
	classes = {
	};
	objectVersion = 55;
	objects = {

/* Begin PBXBuildFile section */
		CE35302828434EFC003C8D98 /* ShopViewController.swift in Sources */ = {isa = PBXBuildFile; fileRef = CE35302728434EFC003C8D98 /* ShopViewController.swift */; };
		CE35302A284360A2003C8D98 /* WelcomeViewController.swift in Sources */ = {isa = PBXBuildFile; fileRef = CE353029284360A2003C8D98 /* WelcomeViewController.swift */; };
		CE6E8CB628421262005B9FDC /* RegistrationViewController.swift in Sources */ = {isa = PBXBuildFile; fileRef = CE6E8CB528421262005B9FDC /* RegistrationViewController.swift */; };
		CE6E8CB8284224C6005B9FDC /* HomeViewController.swift in Sources */ = {isa = PBXBuildFile; fileRef = CE6E8CB7284224C6005B9FDC /* HomeViewController.swift */; };
		CE6E8CBA284240E3005B9FDC /* GoalViewController.swift in Sources */ = {isa = PBXBuildFile; fileRef = CE6E8CB9284240E2005B9FDC /* GoalViewController.swift */; };
		CE6E8CBC28424385005B9FDC /* ProfileViewController.swift in Sources */ = {isa = PBXBuildFile; fileRef = CE6E8CBB28424385005B9FDC /* ProfileViewController.swift */; };
		CE6E8CBE284252BC005B9FDC /* CustomTabBarView.swift in Sources */ = {isa = PBXBuildFile; fileRef = CE6E8CBD284252BC005B9FDC /* CustomTabBarView.swift */; };
		CE6E8CC028426A3F005B9FDC /* GoalTableViewCell.swift in Sources */ = {isa = PBXBuildFile; fileRef = CE6E8CBF28426A3E005B9FDC /* GoalTableViewCell.swift */; };
		CE6E8CC22842BD55005B9FDC /* NewTargetViewController.swift in Sources */ = {isa = PBXBuildFile; fileRef = CE6E8CC12842BD55005B9FDC /* NewTargetViewController.swift */; };
		CEF78A22284116C4005906F9 /* AppDelegate.swift in Sources */ = {isa = PBXBuildFile; fileRef = CEF78A21284116C4005906F9 /* AppDelegate.swift */; };
		CEF78A26284116C4005906F9 /* ViewController.swift in Sources */ = {isa = PBXBuildFile; fileRef = CEF78A25284116C4005906F9 /* ViewController.swift */; };
		CEF78A2B284116C7005906F9 /* Assets.xcassets in Resources */ = {isa = PBXBuildFile; fileRef = CEF78A2A284116C7005906F9 /* Assets.xcassets */; };
		CEF78A2E284116C7005906F9 /* LaunchScreen.storyboard in Resources */ = {isa = PBXBuildFile; fileRef = CEF78A2C284116C7005906F9 /* LaunchScreen.storyboard */; };
/* End PBXBuildFile section */

/* Begin PBXFileReference section */
		CE35302728434EFC003C8D98 /* ShopViewController.swift */ = {isa = PBXFileReference; lastKnownFileType = sourcecode.swift; path = ShopViewController.swift; sourceTree = "<group>"; };
		CE353029284360A2003C8D98 /* WelcomeViewController.swift */ = {isa = PBXFileReference; lastKnownFileType = sourcecode.swift; path = WelcomeViewController.swift; sourceTree = "<group>"; };
		CE6E8CB528421262005B9FDC /* RegistrationViewController.swift */ = {isa = PBXFileReference; lastKnownFileType = sourcecode.swift; path = RegistrationViewController.swift; sourceTree = "<group>"; };
		CE6E8CB7284224C6005B9FDC /* HomeViewController.swift */ = {isa = PBXFileReference; lastKnownFileType = sourcecode.swift; path = HomeViewController.swift; sourceTree = "<group>"; };
		CE6E8CB9284240E2005B9FDC /* GoalViewController.swift */ = {isa = PBXFileReference; lastKnownFileType = sourcecode.swift; path = GoalViewController.swift; sourceTree = "<group>"; };
		CE6E8CBB28424385005B9FDC /* ProfileViewController.swift */ = {isa = PBXFileReference; lastKnownFileType = sourcecode.swift; path = ProfileViewController.swift; sourceTree = "<group>"; };
		CE6E8CBD284252BC005B9FDC /* CustomTabBarView.swift */ = {isa = PBXFileReference; lastKnownFileType = sourcecode.swift; path = CustomTabBarView.swift; sourceTree = "<group>"; };
		CE6E8CBF28426A3E005B9FDC /* GoalTableViewCell.swift */ = {isa = PBXFileReference; lastKnownFileType = sourcecode.swift; path = GoalTableViewCell.swift; sourceTree = "<group>"; };
		CE6E8CC12842BD55005B9FDC /* NewTargetViewController.swift */ = {isa = PBXFileReference; lastKnownFileType = sourcecode.swift; path = NewTargetViewController.swift; sourceTree = "<group>"; };
		CEF78A1E284116C4005906F9 /* MoneyBuddy.app */ = {isa = PBXFileReference; explicitFileType = wrapper.application; includeInIndex = 0; path = MoneyBuddy.app; sourceTree = BUILT_PRODUCTS_DIR; };
		CEF78A21284116C4005906F9 /* AppDelegate.swift */ = {isa = PBXFileReference; lastKnownFileType = sourcecode.swift; path = AppDelegate.swift; sourceTree = "<group>"; };
		CEF78A25284116C4005906F9 /* ViewController.swift */ = {isa = PBXFileReference; lastKnownFileType = sourcecode.swift; path = ViewController.swift; sourceTree = "<group>"; };
		CEF78A2A284116C7005906F9 /* Assets.xcassets */ = {isa = PBXFileReference; lastKnownFileType = folder.assetcatalog; path = Assets.xcassets; sourceTree = "<group>"; };
		CEF78A2D284116C7005906F9 /* Base */ = {isa = PBXFileReference; lastKnownFileType = file.storyboard; name = Base; path = Base.lproj/LaunchScreen.storyboard; sourceTree = "<group>"; };
		CEF78A2F284116C7005906F9 /* Info.plist */ = {isa = PBXFileReference; lastKnownFileType = text.plist.xml; path = Info.plist; sourceTree = "<group>"; };
/* End PBXFileReference section */

/* Begin PBXFrameworksBuildPhase section */
		CEF78A1B284116C4005906F9 /* Frameworks */ = {
			isa = PBXFrameworksBuildPhase;
			buildActionMask = 2147483647;
			files = (
			);
			runOnlyForDeploymentPostprocessing = 0;
		};
/* End PBXFrameworksBuildPhase section */

/* Begin PBXGroup section */
		CEF78A15284116C4005906F9 = {
			isa = PBXGroup;
			children = (
				CEF78A20284116C4005906F9 /* MoneyBuddy */,
				CEF78A1F284116C4005906F9 /* Products */,
			);
			sourceTree = "<group>";
		};
		CEF78A1F284116C4005906F9 /* Products */ = {
			isa = PBXGroup;
			children = (
				CEF78A1E284116C4005906F9 /* MoneyBuddy.app */,
			);
			name = Products;
			sourceTree = "<group>";
		};
		CEF78A20284116C4005906F9 /* MoneyBuddy */ = {
			isa = PBXGroup;
			children = (
				CEF78A21284116C4005906F9 /* AppDelegate.swift */,
				CEF78A25284116C4005906F9 /* ViewController.swift */,
				CE353029284360A2003C8D98 /* WelcomeViewController.swift */,
				CE6E8CB7284224C6005B9FDC /* HomeViewController.swift */,
				CE6E8CBD284252BC005B9FDC /* CustomTabBarView.swift */,
				CE35302728434EFC003C8D98 /* ShopViewController.swift */,
				CE6E8CBF28426A3E005B9FDC /* GoalTableViewCell.swift */,
				CE6E8CB9284240E2005B9FDC /* GoalViewController.swift */,
				CE6E8CC12842BD55005B9FDC /* NewTargetViewController.swift */,
				CE6E8CBB28424385005B9FDC /* ProfileViewController.swift */,
				CE6E8CB528421262005B9FDC /* RegistrationViewController.swift */,
				CEF78A2A284116C7005906F9 /* Assets.xcassets */,
				CEF78A2C284116C7005906F9 /* LaunchScreen.storyboard */,
				CEF78A2F284116C7005906F9 /* Info.plist */,
			);
			path = MoneyBuddy;
			sourceTree = "<group>";
		};
/* End PBXGroup section */

/* Begin PBXNativeTarget section */
		CEF78A1D284116C4005906F9 /* MoneyBuddy */ = {
			isa = PBXNativeTarget;
			buildConfigurationList = CEF78A32284116C7005906F9 /* Build configuration list for PBXNativeTarget "MoneyBuddy" */;
			buildPhases = (
				CEF78A1A284116C4005906F9 /* Sources */,
				CEF78A1B284116C4005906F9 /* Frameworks */,
				CEF78A1C284116C4005906F9 /* Resources */,
			);
			buildRules = (
			);
			dependencies = (
			);
			name = MoneyBuddy;
			productName = MoneyBuddy;
			productReference = CEF78A1E284116C4005906F9 /* MoneyBuddy.app */;
			productType = "com.apple.product-type.application";
		};
/* End PBXNativeTarget section */

/* Begin PBXProject section */
		CEF78A16284116C4005906F9 /* Project object */ = {
			isa = PBXProject;
			attributes = {
				BuildIndependentTargetsInParallel = 1;
				LastSwiftUpdateCheck = 1320;
				LastUpgradeCheck = 1320;
				TargetAttributes = {
					CEF78A1D284116C4005906F9 = {
						CreatedOnToolsVersion = 13.2.1;
					};
				};
			};
			buildConfigurationList = CEF78A19284116C4005906F9 /* Build configuration list for PBXProject "MoneyBuddy" */;
			compatibilityVersion = "Xcode 13.0";
			developmentRegion = en;
			hasScannedForEncodings = 0;
			knownRegions = (
				en,
				Base,
			);
			mainGroup = CEF78A15284116C4005906F9;
			productRefGroup = CEF78A1F284116C4005906F9 /* Products */;
			projectDirPath = "";
			projectRoot = "";
			targets = (
				CEF78A1D284116C4005906F9 /* MoneyBuddy */,
			);
		};
/* End PBXProject section */

/* Begin PBXResourcesBuildPhase section */
		CEF78A1C284116C4005906F9 /* Resources */ = {
			isa = PBXResourcesBuildPhase;
			buildActionMask = 2147483647;
			files = (
				CEF78A2E284116C7005906F9 /* LaunchScreen.storyboard in Resources */,
				CEF78A2B284116C7005906F9 /* Assets.xcassets in Resources */,
			);
			runOnlyForDeploymentPostprocessing = 0;
		};
/* End PBXResourcesBuildPhase section */

/* Begin PBXSourcesBuildPhase section */
		CEF78A1A284116C4005906F9 /* Sources */ = {
			isa = PBXSourcesBuildPhase;
			buildActionMask = 2147483647;
			files = (
				CE6E8CC028426A3F005B9FDC /* GoalTableViewCell.swift in Sources */,
				CE6E8CBE284252BC005B9FDC /* CustomTabBarView.swift in Sources */,
				CE35302A284360A2003C8D98 /* WelcomeViewController.swift in Sources */,
				CE35302828434EFC003C8D98 /* ShopViewController.swift in Sources */,
				CE6E8CC22842BD55005B9FDC /* NewTargetViewController.swift in Sources */,
				CE6E8CBC28424385005B9FDC /* ProfileViewController.swift in Sources */,
				CE6E8CB628421262005B9FDC /* RegistrationViewController.swift in Sources */,
				CE6E8CBA284240E3005B9FDC /* GoalViewController.swift in Sources */,
				CEF78A26284116C4005906F9 /* ViewController.swift in Sources */,
				CEF78A22284116C4005906F9 /* AppDelegate.swift in Sources */,
				CE6E8CB8284224C6005B9FDC /* HomeViewController.swift in Sources */,
			);
			runOnlyForDeploymentPostprocessing = 0;
		};
/* End PBXSourcesBuildPhase section */

/* Begin PBXVariantGroup section */
		CEF78A2C284116C7005906F9 /* LaunchScreen.storyboard */ = {
			isa = PBXVariantGroup;
			children = (
				CEF78A2D284116C7005906F9 /* Base */,
			);
			name = LaunchScreen.storyboard;
			sourceTree = "<group>";
		};
/* End PBXVariantGroup section */

/* Begin XCBuildConfiguration section */
		CEF78A30284116C7005906F9 /* Debug */ = {
			isa = XCBuildConfiguration;
			buildSettings = {
				ALWAYS_SEARCH_USER_PATHS = NO;
				CLANG_ANALYZER_NONNULL = YES;
				CLANG_ANALYZER_NUMBER_OBJECT_CONVERSION = YES_AGGRESSIVE;
				CLANG_CXX_LANGUAGE_STANDARD = "gnu++17";
				CLANG_CXX_LIBRARY = "libc++";
				CLANG_ENABLE_MODULES = YES;
				CLANG_ENABLE_OBJC_ARC = YES;
				CLANG_ENABLE_OBJC_WEAK = YES;
				CLANG_WARN_BLOCK_CAPTURE_AUTORELEASING = YES;
				CLANG_WARN_BOOL_CONVERSION = YES;
				CLANG_WARN_COMMA = YES;
				CLANG_WARN_CONSTANT_CONVERSION = YES;
				CLANG_WARN_DEPRECATED_OBJC_IMPLEMENTATIONS = YES;
				CLANG_WARN_DIRECT_OBJC_ISA_USAGE = YES_ERROR;
				CLANG_WARN_DOCUMENTATION_COMMENTS = YES;
				CLANG_WARN_EMPTY_BODY = YES;
				CLANG_WARN_ENUM_CONVERSION = YES;
				CLANG_WARN_INFINITE_RECURSION = YES;
				CLANG_WARN_INT_CONVERSION = YES;
				CLANG_WARN_NON_LITERAL_NULL_CONVERSION = YES;
				CLANG_WARN_OBJC_IMPLICIT_RETAIN_SELF = YES;
				CLANG_WARN_OBJC_LITERAL_CONVERSION = YES;
				CLANG_WARN_OBJC_ROOT_CLASS = YES_ERROR;
				CLANG_WARN_QUOTED_INCLUDE_IN_FRAMEWORK_HEADER = YES;
				CLANG_WARN_RANGE_LOOP_ANALYSIS = YES;
				CLANG_WARN_STRICT_PROTOTYPES = YES;
				CLANG_WARN_SUSPICIOUS_MOVE = YES;
				CLANG_WARN_UNGUARDED_AVAILABILITY = YES_AGGRESSIVE;
				CLANG_WARN_UNREACHABLE_CODE = YES;
				CLANG_WARN__DUPLICATE_METHOD_MATCH = YES;
				COPY_PHASE_STRIP = NO;
				DEBUG_INFORMATION_FORMAT = dwarf;
				ENABLE_STRICT_OBJC_MSGSEND = YES;
				ENABLE_TESTABILITY = YES;
				GCC_C_LANGUAGE_STANDARD = gnu11;
				GCC_DYNAMIC_NO_PIC = NO;
				GCC_NO_COMMON_BLOCKS = YES;
				GCC_OPTIMIZATION_LEVEL = 0;
				GCC_PREPROCESSOR_DEFINITIONS = (
					"DEBUG=1",
					"$(inherited)",
				);
				GCC_WARN_64_TO_32_BIT_CONVERSION = YES;
				GCC_WARN_ABOUT_RETURN_TYPE = YES_ERROR;
				GCC_WARN_UNDECLARED_SELECTOR = YES;
				GCC_WARN_UNINITIALIZED_AUTOS = YES_AGGRESSIVE;
				GCC_WARN_UNUSED_FUNCTION = YES;
				GCC_WARN_UNUSED_VARIABLE = YES;
				IPHONEOS_DEPLOYMENT_TARGET = 15.2;
				MTL_ENABLE_DEBUG_INFO = INCLUDE_SOURCE;
				MTL_FAST_MATH = YES;
				ONLY_ACTIVE_ARCH = YES;
				SDKROOT = iphoneos;
				SWIFT_ACTIVE_COMPILATION_CONDITIONS = DEBUG;
				SWIFT_OPTIMIZATION_LEVEL = "-Onone";
			};
			name = Debug;
		};
		CEF78A31284116C7005906F9 /* Release */ = {
			isa = XCBuildConfiguration;
			buildSettings = {
				ALWAYS_SEARCH_USER_PATHS = NO;
				CLANG_ANALYZER_NONNULL = YES;
				CLANG_ANALYZER_NUMBER_OBJECT_CONVERSION = YES_AGGRESSIVE;
				CLANG_CXX_LANGUAGE_STANDARD = "gnu++17";
				CLANG_CXX_LIBRARY = "libc++";
				CLANG_ENABLE_MODULES = YES;
				CLANG_ENABLE_OBJC_ARC = YES;
				CLANG_ENABLE_OBJC_WEAK = YES;
				CLANG_WARN_BLOCK_CAPTURE_AUTORELEASING = YES;
				CLANG_WARN_BOOL_CONVERSION = YES;
				CLANG_WARN_COMMA = YES;
				CLANG_WARN_CONSTANT_CONVERSION = YES;
				CLANG_WARN_DEPRECATED_OBJC_IMPLEMENTATIONS = YES;
				CLANG_WARN_DIRECT_OBJC_ISA_USAGE = YES_ERROR;
				CLANG_WARN_DOCUMENTATION_COMMENTS = YES;
				CLANG_WARN_EMPTY_BODY = YES;
				CLANG_WARN_ENUM_CONVERSION = YES;
				CLANG_WARN_INFINITE_RECURSION = YES;
				CLANG_WARN_INT_CONVERSION = YES;
				CLANG_WARN_NON_LITERAL_NULL_CONVERSION = YES;
				CLANG_WARN_OBJC_IMPLICIT_RETAIN_SELF = YES;
				CLANG_WARN_OBJC_LITERAL_CONVERSION = YES;
				CLANG_WARN_OBJC_ROOT_CLASS = YES_ERROR;
				CLANG_WARN_QUOTED_INCLUDE_IN_FRAMEWORK_HEADER = YES;
				CLANG_WARN_RANGE_LOOP_ANALYSIS = YES;
				CLANG_WARN_STRICT_PROTOTYPES = YES;
				CLANG_WARN_SUSPICIOUS_MOVE = YES;
				CLANG_WARN_UNGUARDED_AVAILABILITY = YES_AGGRESSIVE;
				CLANG_WARN_UNREACHABLE_CODE = YES;
				CLANG_WARN__DUPLICATE_METHOD_MATCH = YES;
				COPY_PHASE_STRIP = NO;
				DEBUG_INFORMATION_FORMAT = "dwarf-with-dsym";
				ENABLE_NS_ASSERTIONS = NO;
				ENABLE_STRICT_OBJC_MSGSEND = YES;
				GCC_C_LANGUAGE_STANDARD = gnu11;
				GCC_NO_COMMON_BLOCKS = YES;
				GCC_WARN_64_TO_32_BIT_CONVERSION = YES;
				GCC_WARN_ABOUT_RETURN_TYPE = YES_ERROR;
				GCC_WARN_UNDECLARED_SELECTOR = YES;
				GCC_WARN_UNINITIALIZED_AUTOS = YES_AGGRESSIVE;
				GCC_WARN_UNUSED_FUNCTION = YES;
				GCC_WARN_UNUSED_VARIABLE = YES;
				IPHONEOS_DEPLOYMENT_TARGET = 15.2;
				MTL_ENABLE_DEBUG_INFO = NO;
				MTL_FAST_MATH = YES;
				SDKROOT = iphoneos;
				SWIFT_COMPILATION_MODE = wholemodule;
				SWIFT_OPTIMIZATION_LEVEL = "-O";
				VALIDATE_PRODUCT = YES;
			};
			name = Release;
		};
		CEF78A33284116C7005906F9 /* Debug */ = {
			isa = XCBuildConfiguration;
			buildSettings = {
				ASSETCATALOG_COMPILER_APPICON_NAME = AppIcon;
				ASSETCATALOG_COMPILER_GLOBAL_ACCENT_COLOR_NAME = AccentColor;
				CODE_SIGN_STYLE = Automatic;
				CURRENT_PROJECT_VERSION = 1;
				DEVELOPMENT_TEAM = 6L662LY2PK;
				GENERATE_INFOPLIST_FILE = YES;
				INFOPLIST_FILE = MoneyBuddy/Info.plist;
				INFOPLIST_KEY_UIApplicationSupportsIndirectInputEvents = YES;
				INFOPLIST_KEY_UILaunchStoryboardName = LaunchScreen;
				INFOPLIST_KEY_UIMainStoryboardFile = "";
				INFOPLIST_KEY_UISupportedInterfaceOrientations_iPad = "UIInterfaceOrientationPortrait UIInterfaceOrientationPortraitUpsideDown UIInterfaceOrientationLandscapeLeft UIInterfaceOrientationLandscapeRight";
				INFOPLIST_KEY_UISupportedInterfaceOrientations_iPhone = "UIInterfaceOrientationPortrait UIInterfaceOrientationLandscapeLeft UIInterfaceOrientationLandscapeRight";
				IPHONEOS_DEPLOYMENT_TARGET = 15.2;
				LD_RUNPATH_SEARCH_PATHS = (
					"$(inherited)",
					"@executable_path/Frameworks",
				);
				MARKETING_VERSION = 1.0;
				PRODUCT_BUNDLE_IDENTIFIER = yekaterina.tyan.MoneyBuddy;
				PRODUCT_NAME = "$(TARGET_NAME)";
				SWIFT_EMIT_LOC_STRINGS = YES;
				SWIFT_VERSION = 5.0;
				TARGETED_DEVICE_FAMILY = "1,2";
			};
			name = Debug;
		};
		CEF78A34284116C7005906F9 /* Release */ = {
			isa = XCBuildConfiguration;
			buildSettings = {
				ASSETCATALOG_COMPILER_APPICON_NAME = AppIcon;
				ASSETCATALOG_COMPILER_GLOBAL_ACCENT_COLOR_NAME = AccentColor;
				CODE_SIGN_STYLE = Automatic;
				CURRENT_PROJECT_VERSION = 1;
				DEVELOPMENT_TEAM = 6L662LY2PK;
				GENERATE_INFOPLIST_FILE = YES;
				INFOPLIST_FILE = MoneyBuddy/Info.plist;
				INFOPLIST_KEY_UIApplicationSupportsIndirectInputEvents = YES;
				INFOPLIST_KEY_UILaunchStoryboardName = LaunchScreen;
				INFOPLIST_KEY_UIMainStoryboardFile = "";
				INFOPLIST_KEY_UISupportedInterfaceOrientations_iPad = "UIInterfaceOrientationPortrait UIInterfaceOrientationPortraitUpsideDown UIInterfaceOrientationLandscapeLeft UIInterfaceOrientationLandscapeRight";
				INFOPLIST_KEY_UISupportedInterfaceOrientations_iPhone = "UIInterfaceOrientationPortrait UIInterfaceOrientationLandscapeLeft UIInterfaceOrientationLandscapeRight";
				IPHONEOS_DEPLOYMENT_TARGET = 15.2;
				LD_RUNPATH_SEARCH_PATHS = (
					"$(inherited)",
					"@executable_path/Frameworks",
				);
				MARKETING_VERSION = 1.0;
				PRODUCT_BUNDLE_IDENTIFIER = yekaterina.tyan.MoneyBuddy;
				PRODUCT_NAME = "$(TARGET_NAME)";
				SWIFT_EMIT_LOC_STRINGS = YES;
				SWIFT_VERSION = 5.0;
				TARGETED_DEVICE_FAMILY = "1,2";
			};
			name = Release;
		};
/* End XCBuildConfiguration section */

/* Begin XCConfigurationList section */
		CEF78A19284116C4005906F9 /* Build configuration list for PBXProject "MoneyBuddy" */ = {
			isa = XCConfigurationList;
			buildConfigurations = (
				CEF78A30284116C7005906F9 /* Debug */,
				CEF78A31284116C7005906F9 /* Release */,
			);
			defaultConfigurationIsVisible = 0;
			defaultConfigurationName = Release;
		};
		CEF78A32284116C7005906F9 /* Build configuration list for PBXNativeTarget "MoneyBuddy" */ = {
			isa = XCConfigurationList;
			buildConfigurations = (
				CEF78A33284116C7005906F9 /* Debug */,
				CEF78A34284116C7005906F9 /* Release */,
			);
			defaultConfigurationIsVisible = 0;
			defaultConfigurationName = Release;
		};
/* End XCConfigurationList section */
	};
	rootObject = CEF78A16284116C4005906F9 /* Project object */;
}
